
Microsoft Visual Studio Solution File, Format Version 12.00
# Visual Studio 15
VisualStudioVersion = 15.0.27130.2010
MinimumVisualStudioVersion = 10.0.40219.1
Project("{FAE04EC0-301F-11D3-BF4B-00C04F79EFBC}") = "ConstructorChaining", "ConstructorChaining\ConstructorChaining.csproj", "{B8B7AC25-2CBA-412C-882D-3FDCD0808696}"
EndProject
Global
	GlobalSection(SolutionConfigurationPlatforms) = preSolution
		Debug|Any CPU = Debug|Any CPU
		Release|Any CPU = Release|Any CPU
	EndGlobalSection
	GlobalSection(ProjectConfigurationPlatforms) = postSolution
		{B8B7AC25-2CBA-412C-882D-3FDCD0808696}.Debug|Any CPU.ActiveCfg = Debug|Any CPU
		{B8B7AC25-2CBA-412C-882D-3FDCD0808696}.Debug|Any CPU.Build.0 = Debug|Any CPU
		{B8B7AC25-2CBA-412C-882D-3FDCD0808696}.Release|Any CPU.ActiveCfg = Release|Any CPU
		{B8B7AC25-2CBA-412C-882D-3FDCD0808696}.Release|Any CPU.Build.0 = Release|Any CPU
	EndGlobalSection
	GlobalSection(SolutionProperties) = preSolution
		HideSolutionNode = FALSE
	EndGlobalSection
	GlobalSection(ExtensibilityGlobals) = postSolution
		SolutionGuid = {C45D5B59-1F97-4251-A8CE-F245516F4B3B}
	EndGlobalSection
EndGlobal
