
Microsoft Visual Studio Solution File, Format Version 12.00
# Visual Studio 15
VisualStudioVersion = 15.0.27130.2010
MinimumVisualStudioVersion = 10.0.40219.1
Project("{FAE04EC0-301F-11D3-BF4B-00C04F79EFBC}") = "ConsoleApp1", "ConsoleApp1\ConsoleApp1.csproj", "{B166B7D9-1EFD-4779-AAD4-6492C0237826}"
EndProject
Global
	GlobalSection(SolutionConfigurationPlatforms) = preSolution
		Debug|Any CPU = Debug|Any CPU
		Release|Any CPU = Release|Any CPU
	EndGlobalSection
	GlobalSection(ProjectConfigurationPlatforms) = postSolution
		{B166B7D9-1EFD-4779-AAD4-6492C0237826}.Debug|Any CPU.ActiveCfg = Debug|Any CPU
		{B166B7D9-1EFD-4779-AAD4-6492C0237826}.Debug|Any CPU.Build.0 = Debug|Any CPU
		{B166B7D9-1EFD-4779-AAD4-6492C0237826}.Release|Any CPU.ActiveCfg = Release|Any CPU
		{B166B7D9-1EFD-4779-AAD4-6492C0237826}.Release|Any CPU.Build.0 = Release|Any CPU
	EndGlobalSection
	GlobalSection(SolutionProperties) = preSolution
		HideSolutionNode = FALSE
	EndGlobalSection
	GlobalSection(ExtensibilityGlobals) = postSolution
		SolutionGuid = {F3AD6F85-F872-48CC-855F-AF12686B16CD}
	EndGlobalSection
EndGlobal
